
Microsoft Visual Studio Solution File, Format Version 12.00
# Visual Studio 2012
Project("{FAE04EC0-301F-11D3-BF4B-00C04F79EFBC}") = "CDCatalogWinFormsApp", "CDCatalogWinFormsApp\CDCatalogWinFormsApp.csproj", "{31C5421E-40F1-4311-976E-D59A4A744F0D}"
EndProject
Project("{FAE04EC0-301F-11D3-BF4B-00C04F79EFBC}") = "CDCatalogDataAccess", "CDCatalogDataAccess\CDCatalogDataAccess.csproj", "{17EBD174-BE6A-4042-98B7-EAF24BCE448B}"
EndProject
Global
	GlobalSection(SolutionConfigurationPlatforms) = preSolution
		Debug|Any CPU = Debug|Any CPU
		Release|Any CPU = Release|Any CPU
	EndGlobalSection
	GlobalSection(ProjectConfigurationPlatforms) = postSolution
		{31C5421E-40F1-4311-976E-D59A4A744F0D}.Debug|Any CPU.ActiveCfg = Debug|Any CPU
		{31C5421E-40F1-4311-976E-D59A4A744F0D}.Debug|Any CPU.Build.0 = Debug|Any CPU
		{31C5421E-40F1-4311-976E-D59A4A744F0D}.Release|Any CPU.ActiveCfg = Release|Any CPU
		{31C5421E-40F1-4311-976E-D59A4A744F0D}.Release|Any CPU.Build.0 = Release|Any CPU
		{17EBD174-BE6A-4042-98B7-EAF24BCE448B}.Debug|Any CPU.ActiveCfg = Debug|Any CPU
		{17EBD174-BE6A-4042-98B7-EAF24BCE448B}.Debug|Any CPU.Build.0 = Debug|Any CPU
		{17EBD174-BE6A-4042-98B7-EAF24BCE448B}.Release|Any CPU.ActiveCfg = Release|Any CPU
		{17EBD174-BE6A-4042-98B7-EAF24BCE448B}.Release|Any CPU.Build.0 = Release|Any CPU
	EndGlobalSection
	GlobalSection(SolutionProperties) = preSolution
		HideSolutionNode = FALSE
	EndGlobalSection
EndGlobal
